// !$*UTF8*$!
{
	archiveVersion = 1;
	classes = {
	};
	objectVersion = 50;
	objects = {

/* Begin PBXBuildFile section */
		201739B122535E8E00E7EB9D /* TestHasher.swift in Sources */ = {isa = PBXBuildFile; fileRef = 201739B022535E8E00E7EB9D /* TestHasher.swift */; };
		201739B3225361CB00E7EB9D /* Hasher.swift in Sources */ = {isa = PBXBuildFile; fileRef = 201739B2225361CB00E7EB9D /* Hasher.swift */; };
		201739B4225361CB00E7EB9D /* Hasher.swift in Sources */ = {isa = PBXBuildFile; fileRef = 201739B2225361CB00E7EB9D /* Hasher.swift */; };
		201B21E822561938005F3ED9 /* Parse.swift in Sources */ = {isa = PBXBuildFile; fileRef = 201B21E722561938005F3ED9 /* Parse.swift */; };
		201B21E922561938005F3ED9 /* Parse.swift in Sources */ = {isa = PBXBuildFile; fileRef = 201B21E722561938005F3ED9 /* Parse.swift */; };
		20409F362251E2810055C5DE /* iOS.storyboard in Resources */ = {isa = PBXBuildFile; fileRef = 20409F332251E2800055C5DE /* iOS.storyboard */; };
		20409F382251E2810055C5DE /* App.swift in Sources */ = {isa = PBXBuildFile; fileRef = 20409F352251E2800055C5DE /* App.swift */; };
		20409F3E2251E2890055C5DE /* Mac.storyboard in Resources */ = {isa = PBXBuildFile; fileRef = 20409F3B2251E2890055C5DE /* Mac.storyboard */; };
		20409F402251E2890055C5DE /* App.swift in Sources */ = {isa = PBXBuildFile; fileRef = 20409F3D2251E2890055C5DE /* App.swift */; };
		20409F442251E2920055C5DE /* TestRepository.swift in Sources */ = {isa = PBXBuildFile; fileRef = 20409F422251E2910055C5DE /* TestRepository.swift */; };
		2077A98E22573D8800C7CC43 /* index1 in Resources */ = {isa = PBXBuildFile; fileRef = 2077A98D22573D8800C7CC43 /* index1 */; };
		2077A9902257568C00C7CC43 /* index2 in Resources */ = {isa = PBXBuildFile; fileRef = 2077A98F2257568C00C7CC43 /* index2 */; };
		20802C412251E9A6007D6C3A /* libPigit.a in Frameworks */ = {isa = PBXBuildFile; fileRef = 20802C3D2251E362007D6C3A /* libPigit.a */; };
		20802C422251E9B5007D6C3A /* libPigit.a in Frameworks */ = {isa = PBXBuildFile; fileRef = 20802C3E2251E362007D6C3A /* libPigit.a */; };
		20802C472251E9C9007D6C3A /* libPigit.a in Frameworks */ = {isa = PBXBuildFile; fileRef = 20802C3D2251E362007D6C3A /* libPigit.a */; };
		20E716C02251EF460081E7FC /* TestGit.swift in Sources */ = {isa = PBXBuildFile; fileRef = 20E716BF2251EF460081E7FC /* TestGit.swift */; };
		20E716C72251F0030081E7FC /* Repository.swift in Sources */ = {isa = PBXBuildFile; fileRef = 20E716C52251F0030081E7FC /* Repository.swift */; };
		20E716C82251F0030081E7FC /* Repository.swift in Sources */ = {isa = PBXBuildFile; fileRef = 20E716C52251F0030081E7FC /* Repository.swift */; };
		20E716C92251F0030081E7FC /* Git.swift in Sources */ = {isa = PBXBuildFile; fileRef = 20E716C62251F0030081E7FC /* Git.swift */; };
		20E716CA2251F0030081E7FC /* Git.swift in Sources */ = {isa = PBXBuildFile; fileRef = 20E716C62251F0030081E7FC /* Git.swift */; };
		20E716CE2252095C0081E7FC /* SFMono-Bold.otf in Resources */ = {isa = PBXBuildFile; fileRef = 20E716CC2252095C0081E7FC /* SFMono-Bold.otf */; };
		20E716CF2252095C0081E7FC /* SFMono-Bold.otf in Resources */ = {isa = PBXBuildFile; fileRef = 20E716CC2252095C0081E7FC /* SFMono-Bold.otf */; };
		20E716D02252095C0081E7FC /* SFMono-Light.otf in Resources */ = {isa = PBXBuildFile; fileRef = 20E716CD2252095C0081E7FC /* SFMono-Light.otf */; };
		20E716D12252095C0081E7FC /* SFMono-Light.otf in Resources */ = {isa = PBXBuildFile; fileRef = 20E716CD2252095C0081E7FC /* SFMono-Light.otf */; };
		20E716D3225232200081E7FC /* Console.swift in Sources */ = {isa = PBXBuildFile; fileRef = 20E716D2225232200081E7FC /* Console.swift */; };
		20E716D5225233AE0081E7FC /* Extensions.swift in Sources */ = {isa = PBXBuildFile; fileRef = 20E716D4225233AE0081E7FC /* Extensions.swift */; };
		20E716D722523C3E0081E7FC /* Button.swift in Sources */ = {isa = PBXBuildFile; fileRef = 20E716D622523C3E0081E7FC /* Button.swift */; };
		20E716D92252564E0081E7FC /* Failure.swift in Sources */ = {isa = PBXBuildFile; fileRef = 20E716D82252564E0081E7FC /* Failure.swift */; };
		20E716DA2252564E0081E7FC /* Failure.swift in Sources */ = {isa = PBXBuildFile; fileRef = 20E716D82252564E0081E7FC /* Failure.swift */; };
		20F0FCB522539444004293DB /* index0 in Resources */ = {isa = PBXBuildFile; fileRef = 20F0FCB422539444004293DB /* index0 */; };
		20F0FCB722539466004293DB /* TestIndex.swift in Sources */ = {isa = PBXBuildFile; fileRef = 20F0FCB622539466004293DB /* TestIndex.swift */; };
		20F0FCB9225395CB004293DB /* Index.swift in Sources */ = {isa = PBXBuildFile; fileRef = 20F0FCB8225395CB004293DB /* Index.swift */; };
		20F0FCBA225395CB004293DB /* Index.swift in Sources */ = {isa = PBXBuildFile; fileRef = 20F0FCB8225395CB004293DB /* Index.swift */; };
/* End PBXBuildFile section */

/* Begin PBXContainerItemProxy section */
		20409F282251E0540055C5DE /* PBXContainerItemProxy */ = {
			isa = PBXContainerItemProxy;
			containerPortal = 20409ED52251DF4D0055C5DE /* Project object */;
			proxyType = 1;
			remoteGlobalIDString = 20409F092251E0220055C5DE;
			remoteInfo = PigitMac;
		};
		20802C432251E9BF007D6C3A /* PBXContainerItemProxy */ = {
			isa = PBXContainerItemProxy;
			containerPortal = 20409ED52251DF4D0055C5DE /* Project object */;
			proxyType = 1;
			remoteGlobalIDString = 20409F162251E0380055C5DE;
			remoteInfo = PigitiOS;
		};
		20802C452251E9C5007D6C3A /* PBXContainerItemProxy */ = {
			isa = PBXContainerItemProxy;
			containerPortal = 20409ED52251DF4D0055C5DE /* Project object */;
			proxyType = 1;
			remoteGlobalIDString = 20409F092251E0220055C5DE;
			remoteInfo = PigitMac;
		};
/* End PBXContainerItemProxy section */

/* Begin PBXCopyFilesBuildPhase section */
		20409F152251E0380055C5DE /* CopyFiles */ = {
			isa = PBXCopyFilesBuildPhase;
			buildActionMask = 2147483647;
			dstPath = "include/$(PRODUCT_NAME)";
			dstSubfolderSpec = 16;
			files = (
			);
			runOnlyForDeploymentPostprocessing = 0;
		};
/* End PBXCopyFilesBuildPhase section */

/* Begin PBXFileReference section */
		201739B022535E8E00E7EB9D /* TestHasher.swift */ = {isa = PBXFileReference; lastKnownFileType = sourcecode.swift; path = TestHasher.swift; sourceTree = "<group>"; };
		201739B2225361CB00E7EB9D /* Hasher.swift */ = {isa = PBXFileReference; lastKnownFileType = sourcecode.swift; path = Hasher.swift; sourceTree = "<group>"; };
		201B21E722561938005F3ED9 /* Parse.swift */ = {isa = PBXFileReference; lastKnownFileType = sourcecode.swift; path = Parse.swift; sourceTree = "<group>"; };
		20409F302251E2750055C5DE /* Tests.xctest */ = {isa = PBXFileReference; explicitFileType = wrapper.cfbundle; includeInIndex = 0; path = Tests.xctest; sourceTree = BUILT_PRODUCTS_DIR; };
		20409F332251E2800055C5DE /* iOS.storyboard */ = {isa = PBXFileReference; fileEncoding = 4; lastKnownFileType = file.storyboard; path = iOS.storyboard; sourceTree = "<group>"; };
		20409F342251E2800055C5DE /* iOS.plist */ = {isa = PBXFileReference; fileEncoding = 4; lastKnownFileType = text.plist.xml; path = iOS.plist; sourceTree = "<group>"; };
		20409F352251E2800055C5DE /* App.swift */ = {isa = PBXFileReference; fileEncoding = 4; lastKnownFileType = sourcecode.swift; path = App.swift; sourceTree = "<group>"; };
		20409F3B2251E2890055C5DE /* Mac.storyboard */ = {isa = PBXFileReference; fileEncoding = 4; lastKnownFileType = file.storyboard; path = Mac.storyboard; sourceTree = "<group>"; };
		20409F3C2251E2890055C5DE /* Mac.plist */ = {isa = PBXFileReference; fileEncoding = 4; lastKnownFileType = text.plist.xml; path = Mac.plist; sourceTree = "<group>"; };
		20409F3D2251E2890055C5DE /* App.swift */ = {isa = PBXFileReference; fileEncoding = 4; lastKnownFileType = sourcecode.swift; path = App.swift; sourceTree = "<group>"; };
		20409F422251E2910055C5DE /* TestRepository.swift */ = {isa = PBXFileReference; fileEncoding = 4; lastKnownFileType = sourcecode.swift; path = TestRepository.swift; sourceTree = "<group>"; };
		20409F432251E2910055C5DE /* Tests.plist */ = {isa = PBXFileReference; fileEncoding = 4; lastKnownFileType = text.plist.xml; path = Tests.plist; sourceTree = "<group>"; };
		20409F462251E2A40055C5DE /* README.md */ = {isa = PBXFileReference; lastKnownFileType = net.daringfireball.markdown; path = README.md; sourceTree = "<group>"; };
		20409F472251E2A40055C5DE /* .gitignore */ = {isa = PBXFileReference; lastKnownFileType = text; path = .gitignore; sourceTree = "<group>"; };
		20409F482251E2A40055C5DE /* LICENSE */ = {isa = PBXFileReference; lastKnownFileType = text; path = LICENSE; sourceTree = "<group>"; };
		2077A98D22573D8800C7CC43 /* index1 */ = {isa = PBXFileReference; lastKnownFileType = file; path = index1; sourceTree = "<group>"; };
		2077A98F2257568C00C7CC43 /* index2 */ = {isa = PBXFileReference; lastKnownFileType = file; path = index2; sourceTree = "<group>"; };
		20802C3B2251E362007D6C3A /* PigitMac.app */ = {isa = PBXFileReference; explicitFileType = wrapper.application; includeInIndex = 0; path = PigitMac.app; sourceTree = BUILT_PRODUCTS_DIR; };
		20802C3C2251E362007D6C3A /* PigitiOS.app */ = {isa = PBXFileReference; explicitFileType = wrapper.application; includeInIndex = 0; path = PigitiOS.app; sourceTree = BUILT_PRODUCTS_DIR; };
		20802C3D2251E362007D6C3A /* libPigit.a */ = {isa = PBXFileReference; explicitFileType = archive.ar; includeInIndex = 0; path = libPigit.a; sourceTree = BUILT_PRODUCTS_DIR; };
		20802C3E2251E362007D6C3A /* libPigit.a */ = {isa = PBXFileReference; explicitFileType = archive.ar; includeInIndex = 0; path = libPigit.a; sourceTree = BUILT_PRODUCTS_DIR; };
		20DB2A52225344E100AE5D99 /* Mac.entitlements */ = {isa = PBXFileReference; lastKnownFileType = text.plist.entitlements; path = Mac.entitlements; sourceTree = "<group>"; };
		20E716BF2251EF460081E7FC /* TestGit.swift */ = {isa = PBXFileReference; lastKnownFileType = sourcecode.swift; path = TestGit.swift; sourceTree = "<group>"; };
		20E716C52251F0030081E7FC /* Repository.swift */ = {isa = PBXFileReference; fileEncoding = 4; lastKnownFileType = sourcecode.swift; path = Repository.swift; sourceTree = "<group>"; };
		20E716C62251F0030081E7FC /* Git.swift */ = {isa = PBXFileReference; fileEncoding = 4; lastKnownFileType = sourcecode.swift; path = Git.swift; sourceTree = "<group>"; };
		20E716CC2252095C0081E7FC /* SFMono-Bold.otf */ = {isa = PBXFileReference; lastKnownFileType = file; path = "SFMono-Bold.otf"; sourceTree = "<group>"; };
		20E716CD2252095C0081E7FC /* SFMono-Light.otf */ = {isa = PBXFileReference; lastKnownFileType = file; path = "SFMono-Light.otf"; sourceTree = "<group>"; };
		20E716D2225232200081E7FC /* Console.swift */ = {isa = PBXFileReference; lastKnownFileType = sourcecode.swift; path = Console.swift; sourceTree = "<group>"; };
		20E716D4225233AE0081E7FC /* Extensions.swift */ = {isa = PBXFileReference; lastKnownFileType = sourcecode.swift; path = Extensions.swift; sourceTree = "<group>"; };
		20E716D622523C3E0081E7FC /* Button.swift */ = {isa = PBXFileReference; lastKnownFileType = sourcecode.swift; path = Button.swift; sourceTree = "<group>"; };
		20E716D82252564E0081E7FC /* Failure.swift */ = {isa = PBXFileReference; lastKnownFileType = sourcecode.swift; path = Failure.swift; sourceTree = "<group>"; };
		20F0FCB422539444004293DB /* index0 */ = {isa = PBXFileReference; lastKnownFileType = file; path = index0; sourceTree = "<group>"; };
		20F0FCB622539466004293DB /* TestIndex.swift */ = {isa = PBXFileReference; lastKnownFileType = sourcecode.swift; path = TestIndex.swift; sourceTree = "<group>"; };
		20F0FCB8225395CB004293DB /* Index.swift */ = {isa = PBXFileReference; lastKnownFileType = sourcecode.swift; path = Index.swift; sourceTree = "<group>"; };
/* End PBXFileReference section */

/* Begin PBXFrameworksBuildPhase section */
		20409EDC2251DFA70055C5DE /* Frameworks */ = {
			isa = PBXFrameworksBuildPhase;
			buildActionMask = 2147483647;
			files = (
				20802C472251E9C9007D6C3A /* libPigit.a in Frameworks */,
			);
			runOnlyForDeploymentPostprocessing = 0;
		};
		20409EF12251DFC70055C5DE /* Frameworks */ = {
			isa = PBXFrameworksBuildPhase;
			buildActionMask = 2147483647;
			files = (
				20802C422251E9B5007D6C3A /* libPigit.a in Frameworks */,
			);
			runOnlyForDeploymentPostprocessing = 0;
		};
		20409F082251E0220055C5DE /* Frameworks */ = {
			isa = PBXFrameworksBuildPhase;
			buildActionMask = 2147483647;
			files = (
			);
			runOnlyForDeploymentPostprocessing = 0;
		};
		20409F142251E0380055C5DE /* Frameworks */ = {
			isa = PBXFrameworksBuildPhase;
			buildActionMask = 2147483647;
			files = (
			);
			runOnlyForDeploymentPostprocessing = 0;
		};
		20409F1F2251E0540055C5DE /* Frameworks */ = {
			isa = PBXFrameworksBuildPhase;
			buildActionMask = 2147483647;
			files = (
				20802C412251E9A6007D6C3A /* libPigit.a in Frameworks */,
			);
			runOnlyForDeploymentPostprocessing = 0;
		};
/* End PBXFrameworksBuildPhase section */

/* Begin PBXGroup section */
		20409ED42251DF4D0055C5DE = {
			isa = PBXGroup;
			children = (
				20409F472251E2A40055C5DE /* .gitignore */,
				20409F482251E2A40055C5DE /* LICENSE */,
				20802C3E2251E362007D6C3A /* libPigit.a */,
				20802C3D2251E362007D6C3A /* libPigit.a */,
				20802C3C2251E362007D6C3A /* PigitiOS.app */,
				20802C3B2251E362007D6C3A /* PigitMac.app */,
				20409F462251E2A40055C5DE /* README.md */,
				20409F302251E2750055C5DE /* Tests.xctest */,
				20802C3F2251E559007D6C3A /* Frameworks */,
				20409F322251E2800055C5DE /* iOS */,
				20409F392251E2890055C5DE /* Mac */,
				20E716C42251F0030081E7FC /* Pigit */,
				20E716CB225208E60081E7FC /* Shared */,
				20409F412251E2910055C5DE /* Tests */,
			);
			sourceTree = "<group>";
		};
		20409F322251E2800055C5DE /* iOS */ = {
			isa = PBXGroup;
			children = (
				20409F342251E2800055C5DE /* iOS.plist */,
				20409F332251E2800055C5DE /* iOS.storyboard */,
				20409F352251E2800055C5DE /* App.swift */,
			);
			path = iOS;
			sourceTree = "<group>";
		};
		20409F392251E2890055C5DE /* Mac */ = {
			isa = PBXGroup;
			children = (
				20DB2A52225344E100AE5D99 /* Mac.entitlements */,
				20409F3C2251E2890055C5DE /* Mac.plist */,
				20409F3B2251E2890055C5DE /* Mac.storyboard */,
				20409F3D2251E2890055C5DE /* App.swift */,
				20E716D622523C3E0081E7FC /* Button.swift */,
				20E716D2225232200081E7FC /* Console.swift */,
				20E716D4225233AE0081E7FC /* Extensions.swift */,
			);
			path = Mac;
			sourceTree = "<group>";
		};
		20409F412251E2910055C5DE /* Tests */ = {
			isa = PBXGroup;
			children = (
				20F0FCB422539444004293DB /* index0 */,
				2077A98D22573D8800C7CC43 /* index1 */,
				2077A98F2257568C00C7CC43 /* index2 */,
				20409F432251E2910055C5DE /* Tests.plist */,
				20E716BF2251EF460081E7FC /* TestGit.swift */,
				201739B022535E8E00E7EB9D /* TestHasher.swift */,
				20F0FCB622539466004293DB /* TestIndex.swift */,
				20409F422251E2910055C5DE /* TestRepository.swift */,
			);
			path = Tests;
			sourceTree = "<group>";
		};
		20802C3F2251E559007D6C3A /* Frameworks */ = {
			isa = PBXGroup;
			children = (
			);
			name = Frameworks;
			sourceTree = "<group>";
		};
		20E716C42251F0030081E7FC /* Pigit */ = {
			isa = PBXGroup;
			children = (
				20E716D82252564E0081E7FC /* Failure.swift */,
				20E716C62251F0030081E7FC /* Git.swift */,
				201739B2225361CB00E7EB9D /* Hasher.swift */,
				20F0FCB8225395CB004293DB /* Index.swift */,
				201B21E722561938005F3ED9 /* Parse.swift */,
				20E716C52251F0030081E7FC /* Repository.swift */,
			);
			path = Pigit;
			sourceTree = "<group>";
		};
		20E716CB225208E60081E7FC /* Shared */ = {
			isa = PBXGroup;
			children = (
				20E716CC2252095C0081E7FC /* SFMono-Bold.otf */,
				20E716CD2252095C0081E7FC /* SFMono-Light.otf */,
			);
			path = Shared;
			sourceTree = "<group>";
		};
/* End PBXGroup section */

/* Begin PBXHeadersBuildPhase section */
		20409F062251E0220055C5DE /* Headers */ = {
			isa = PBXHeadersBuildPhase;
			buildActionMask = 2147483647;
			files = (
			);
			runOnlyForDeploymentPostprocessing = 0;
		};
/* End PBXHeadersBuildPhase section */

/* Begin PBXNativeTarget section */
		20409EDE2251DFA70055C5DE /* Mac */ = {
			isa = PBXNativeTarget;
			buildConfigurationList = 20409EED2251DFA80055C5DE /* Build configuration list for PBXNativeTarget "Mac" */;
			buildPhases = (
				20409EDB2251DFA70055C5DE /* Sources */,
				20409EDC2251DFA70055C5DE /* Frameworks */,
				20409EDD2251DFA70055C5DE /* Resources */,
			);
			buildRules = (
			);
			dependencies = (
				20802C462251E9C5007D6C3A /* PBXTargetDependency */,
			);
			name = Mac;
			productName = Mac;
			productReference = 20802C3B2251E362007D6C3A /* PigitMac.app */;
			productType = "com.apple.product-type.application";
		};
		20409EF32251DFC70055C5DE /* iOS */ = {
			isa = PBXNativeTarget;
			buildConfigurationList = 20409F032251DFC80055C5DE /* Build configuration list for PBXNativeTarget "iOS" */;
			buildPhases = (
				20409EF02251DFC70055C5DE /* Sources */,
				20409EF12251DFC70055C5DE /* Frameworks */,
				20409EF22251DFC70055C5DE /* Resources */,
			);
			buildRules = (
			);
			dependencies = (
				20802C442251E9BF007D6C3A /* PBXTargetDependency */,
			);
			name = iOS;
			productName = iOS;
			productReference = 20802C3C2251E362007D6C3A /* PigitiOS.app */;
			productType = "com.apple.product-type.application";
		};
		20409F092251E0220055C5DE /* PigitMac */ = {
			isa = PBXNativeTarget;
			buildConfigurationList = 20409F102251E0220055C5DE /* Build configuration list for PBXNativeTarget "PigitMac" */;
			buildPhases = (
				20409F062251E0220055C5DE /* Headers */,
				20409F072251E0220055C5DE /* Sources */,
				20409F082251E0220055C5DE /* Frameworks */,
			);
			buildRules = (
			);
			dependencies = (
			);
			name = PigitMac;
			productName = PigitMac;
			productReference = 20802C3D2251E362007D6C3A /* libPigit.a */;
			productType = "com.apple.product-type.library.static";
		};
		20409F162251E0380055C5DE /* PigitiOS */ = {
			isa = PBXNativeTarget;
			buildConfigurationList = 20409F1B2251E0380055C5DE /* Build configuration list for PBXNativeTarget "PigitiOS" */;
			buildPhases = (
				20409F132251E0380055C5DE /* Sources */,
				20409F142251E0380055C5DE /* Frameworks */,
				20409F152251E0380055C5DE /* CopyFiles */,
			);
			buildRules = (
			);
			dependencies = (
			);
			name = PigitiOS;
			productName = PigitiOS;
			productReference = 20802C3E2251E362007D6C3A /* libPigit.a */;
			productType = "com.apple.product-type.library.static";
		};
		20409F212251E0540055C5DE /* Tests */ = {
			isa = PBXNativeTarget;
			buildConfigurationList = 20409F2A2251E0540055C5DE /* Build configuration list for PBXNativeTarget "Tests" */;
			buildPhases = (
				20409F1E2251E0540055C5DE /* Sources */,
				20409F1F2251E0540055C5DE /* Frameworks */,
				20409F202251E0540055C5DE /* Resources */,
			);
			buildRules = (
			);
			dependencies = (
				20409F292251E0540055C5DE /* PBXTargetDependency */,
			);
			name = Tests;
			productName = Tests;
			productReference = 20409F302251E2750055C5DE /* Tests.xctest */;
			productType = "com.apple.product-type.bundle.unit-test";
		};
/* End PBXNativeTarget section */

/* Begin PBXProject section */
		20409ED52251DF4D0055C5DE /* Project object */ = {
			isa = PBXProject;
			attributes = {
				LastSwiftUpdateCheck = 1020;
				LastUpgradeCheck = 1020;
				TargetAttributes = {
					20409EDE2251DFA70055C5DE = {
						CreatedOnToolsVersion = 10.2;
						SystemCapabilities = {
							com.apple.Sandbox = {
								enabled = 1;
							};
						};
					};
					20409EF32251DFC70055C5DE = {
						CreatedOnToolsVersion = 10.2;
					};
					20409F092251E0220055C5DE = {
						CreatedOnToolsVersion = 10.2;
					};
					20409F162251E0380055C5DE = {
						CreatedOnToolsVersion = 10.2;
					};
					20409F212251E0540055C5DE = {
						CreatedOnToolsVersion = 10.2;
					};
				};
			};
			buildConfigurationList = 20409ED82251DF4D0055C5DE /* Build configuration list for PBXProject "Pigit" */;
			compatibilityVersion = "Xcode 9.3";
			developmentRegion = en;
			hasScannedForEncodings = 0;
			knownRegions = (
				en,
				Base,
			);
			mainGroup = 20409ED42251DF4D0055C5DE;
			productRefGroup = 20409ED42251DF4D0055C5DE;
			projectDirPath = "";
			projectRoot = "";
			targets = (
				20409EDE2251DFA70055C5DE /* Mac */,
				20409EF32251DFC70055C5DE /* iOS */,
				20409F092251E0220055C5DE /* PigitMac */,
				20409F162251E0380055C5DE /* PigitiOS */,
				20409F212251E0540055C5DE /* Tests */,
			);
		};
/* End PBXProject section */

/* Begin PBXResourcesBuildPhase section */
		20409EDD2251DFA70055C5DE /* Resources */ = {
			isa = PBXResourcesBuildPhase;
			buildActionMask = 2147483647;
			files = (
				20E716D02252095C0081E7FC /* SFMono-Light.otf in Resources */,
				20E716CE2252095C0081E7FC /* SFMono-Bold.otf in Resources */,
				20409F3E2251E2890055C5DE /* Mac.storyboard in Resources */,
			);
			runOnlyForDeploymentPostprocessing = 0;
		};
		20409EF22251DFC70055C5DE /* Resources */ = {
			isa = PBXResourcesBuildPhase;
			buildActionMask = 2147483647;
			files = (
				20E716D12252095C0081E7FC /* SFMono-Light.otf in Resources */,
				20E716CF2252095C0081E7FC /* SFMono-Bold.otf in Resources */,
				20409F362251E2810055C5DE /* iOS.storyboard in Resources */,
			);
			runOnlyForDeploymentPostprocessing = 0;
		};
		20409F202251E0540055C5DE /* Resources */ = {
			isa = PBXResourcesBuildPhase;
			buildActionMask = 2147483647;
			files = (
				20F0FCB522539444004293DB /* index0 in Resources */,
				2077A9902257568C00C7CC43 /* index2 in Resources */,
				2077A98E22573D8800C7CC43 /* index1 in Resources */,
			);
			runOnlyForDeploymentPostprocessing = 0;
		};
/* End PBXResourcesBuildPhase section */

/* Begin PBXSourcesBuildPhase section */
		20409EDB2251DFA70055C5DE /* Sources */ = {
			isa = PBXSourcesBuildPhase;
			buildActionMask = 2147483647;
			files = (
				20409F402251E2890055C5DE /* App.swift in Sources */,
				20E716D5225233AE0081E7FC /* Extensions.swift in Sources */,
				20E716D3225232200081E7FC /* Console.swift in Sources */,
				20E716D722523C3E0081E7FC /* Button.swift in Sources */,
			);
			runOnlyForDeploymentPostprocessing = 0;
		};
		20409EF02251DFC70055C5DE /* Sources */ = {
			isa = PBXSourcesBuildPhase;
			buildActionMask = 2147483647;
			files = (
				20409F382251E2810055C5DE /* App.swift in Sources */,
			);
			runOnlyForDeploymentPostprocessing = 0;
		};
		20409F072251E0220055C5DE /* Sources */ = {
			isa = PBXSourcesBuildPhase;
			buildActionMask = 2147483647;
			files = (
				20E716C92251F0030081E7FC /* Git.swift in Sources */,
				201739B3225361CB00E7EB9D /* Hasher.swift in Sources */,
				20E716D92252564E0081E7FC /* Failure.swift in Sources */,
				20E716C72251F0030081E7FC /* Repository.swift in Sources */,
				20F0FCB9225395CB004293DB /* Index.swift in Sources */,
				201B21E822561938005F3ED9 /* Parse.swift in Sources */,
			);
			runOnlyForDeploymentPostprocessing = 0;
		};
		20409F132251E0380055C5DE /* Sources */ = {
			isa = PBXSourcesBuildPhase;
			buildActionMask = 2147483647;
			files = (
				20E716CA2251F0030081E7FC /* Git.swift in Sources */,
				201739B4225361CB00E7EB9D /* Hasher.swift in Sources */,
				20E716DA2252564E0081E7FC /* Failure.swift in Sources */,
				20E716C82251F0030081E7FC /* Repository.swift in Sources */,
				20F0FCBA225395CB004293DB /* Index.swift in Sources */,
				201B21E922561938005F3ED9 /* Parse.swift in Sources */,
			);
			runOnlyForDeploymentPostprocessing = 0;
		};
		20409F1E2251E0540055C5DE /* Sources */ = {
			isa = PBXSourcesBuildPhase;
			buildActionMask = 2147483647;
			files = (
				201739B122535E8E00E7EB9D /* TestHasher.swift in Sources */,
				20E716C02251EF460081E7FC /* TestGit.swift in Sources */,
				20F0FCB722539466004293DB /* TestIndex.swift in Sources */,
				20409F442251E2920055C5DE /* TestRepository.swift in Sources */,
			);
			runOnlyForDeploymentPostprocessing = 0;
		};
/* End PBXSourcesBuildPhase section */

/* Begin PBXTargetDependency section */
		20409F292251E0540055C5DE /* PBXTargetDependency */ = {
			isa = PBXTargetDependency;
			target = 20409F092251E0220055C5DE /* PigitMac */;
			targetProxy = 20409F282251E0540055C5DE /* PBXContainerItemProxy */;
		};
		20802C442251E9BF007D6C3A /* PBXTargetDependency */ = {
			isa = PBXTargetDependency;
			target = 20409F162251E0380055C5DE /* PigitiOS */;
			targetProxy = 20802C432251E9BF007D6C3A /* PBXContainerItemProxy */;
		};
		20802C462251E9C5007D6C3A /* PBXTargetDependency */ = {
			isa = PBXTargetDependency;
			target = 20409F092251E0220055C5DE /* PigitMac */;
			targetProxy = 20802C452251E9C5007D6C3A /* PBXContainerItemProxy */;
		};
/* End PBXTargetDependency section */

/* Begin XCBuildConfiguration section */
		20409ED92251DF4D0055C5DE /* Debug */ = {
			isa = XCBuildConfiguration;
			buildSettings = {
				CLANG_ENABLE_MODULES = YES;
				DEBUG_INFORMATION_FORMAT = dwarf;
				ENABLE_BITCODE = YES;
				GCC_OPTIMIZATION_LEVEL = 0;
				IPHONEOS_DEPLOYMENT_TARGET = 9.0;
				MACOSX_DEPLOYMENT_TARGET = 10.11;
				PRODUCT_NAME = Pigit;
				SWIFT_INSTALL_OBJC_HEADER = NO;
				SWIFT_OPTIMIZATION_LEVEL = "-Onone";
				SWIFT_PRECOMPILE_BRIDGING_HEADER = NO;
				SWIFT_VERSION = 5.0;
			};
			name = Debug;
		};
		20409EDA2251DF4D0055C5DE /* Release */ = {
			isa = XCBuildConfiguration;
			buildSettings = {
				CLANG_ENABLE_MODULES = YES;
				DEBUG_INFORMATION_FORMAT = dwarf;
				ENABLE_BITCODE = YES;
				GCC_OPTIMIZATION_LEVEL = fast;
				IPHONEOS_DEPLOYMENT_TARGET = 9.0;
				MACOSX_DEPLOYMENT_TARGET = 10.11;
				PRODUCT_NAME = Pigit;
				SWIFT_INSTALL_OBJC_HEADER = NO;
				SWIFT_PRECOMPILE_BRIDGING_HEADER = NO;
				SWIFT_VERSION = 5.0;
			};
			name = Release;
		};
		20409EEE2251DFA80055C5DE /* Debug */ = {
			isa = XCBuildConfiguration;
			buildSettings = {
				ALWAYS_SEARCH_USER_PATHS = NO;
				CLANG_ANALYZER_NONNULL = YES;
				CLANG_ANALYZER_NUMBER_OBJECT_CONVERSION = YES_AGGRESSIVE;
				CLANG_CXX_LANGUAGE_STANDARD = "gnu++14";
				CLANG_CXX_LIBRARY = "libc++";
				CLANG_ENABLE_OBJC_ARC = YES;
				CLANG_ENABLE_OBJC_WEAK = YES;
				CLANG_WARN_BLOCK_CAPTURE_AUTORELEASING = YES;
				CLANG_WARN_BOOL_CONVERSION = YES;
				CLANG_WARN_COMMA = YES;
				CLANG_WARN_CONSTANT_CONVERSION = YES;
				CLANG_WARN_DEPRECATED_OBJC_IMPLEMENTATIONS = YES;
				CLANG_WARN_DIRECT_OBJC_ISA_USAGE = YES_ERROR;
				CLANG_WARN_DOCUMENTATION_COMMENTS = YES;
				CLANG_WARN_EMPTY_BODY = YES;
				CLANG_WARN_ENUM_CONVERSION = YES;
				CLANG_WARN_INFINITE_RECURSION = YES;
				CLANG_WARN_INT_CONVERSION = YES;
				CLANG_WARN_NON_LITERAL_NULL_CONVERSION = YES;
				CLANG_WARN_OBJC_IMPLICIT_RETAIN_SELF = YES;
				CLANG_WARN_OBJC_LITERAL_CONVERSION = YES;
				CLANG_WARN_OBJC_ROOT_CLASS = YES_ERROR;
				CLANG_WARN_RANGE_LOOP_ANALYSIS = YES;
				CLANG_WARN_STRICT_PROTOTYPES = YES;
				CLANG_WARN_SUSPICIOUS_MOVE = YES;
				CLANG_WARN_UNGUARDED_AVAILABILITY = YES_AGGRESSIVE;
				CLANG_WARN_UNREACHABLE_CODE = YES;
				CLANG_WARN__DUPLICATE_METHOD_MATCH = YES;
				CODE_SIGN_ENTITLEMENTS = Mac/Mac.entitlements;
				CODE_SIGN_IDENTITY = "Mac Developer";
				CODE_SIGN_STYLE = Automatic;
				COMBINE_HIDPI_IMAGES = YES;
				COPY_PHASE_STRIP = NO;
				DEVELOPMENT_TEAM = 7AMWG3RLHN;
				ENABLE_STRICT_OBJC_MSGSEND = YES;
				ENABLE_TESTABILITY = YES;
				GCC_C_LANGUAGE_STANDARD = gnu11;
				GCC_DYNAMIC_NO_PIC = NO;
				GCC_NO_COMMON_BLOCKS = YES;
				GCC_PREPROCESSOR_DEFINITIONS = (
					"DEBUG=1",
					"$(inherited)",
				);
				GCC_WARN_64_TO_32_BIT_CONVERSION = YES;
				GCC_WARN_ABOUT_RETURN_TYPE = YES_ERROR;
				GCC_WARN_UNDECLARED_SELECTOR = YES;
				GCC_WARN_UNINITIALIZED_AUTOS = YES_AGGRESSIVE;
				GCC_WARN_UNUSED_FUNCTION = YES;
				GCC_WARN_UNUSED_VARIABLE = YES;
				INFOPLIST_FILE = Mac/Mac.plist;
				LD_RUNPATH_SEARCH_PATHS = (
					"$(inherited)",
					"@executable_path/../Frameworks",
				);
				MTL_ENABLE_DEBUG_INFO = INCLUDE_SOURCE;
				MTL_FAST_MATH = YES;
				ONLY_ACTIVE_ARCH = YES;
				PRODUCT_BUNDLE_IDENTIFIER = pigit.Mac;
				PRODUCT_NAME = PigitMac;
				SDKROOT = macosx;
				SWIFT_ACTIVE_COMPILATION_CONDITIONS = DEBUG;
			};
			name = Debug;
		};
		20409EEF2251DFA80055C5DE /* Release */ = {
			isa = XCBuildConfiguration;
			buildSettings = {
				ALWAYS_SEARCH_USER_PATHS = NO;
				CLANG_ANALYZER_NONNULL = YES;
				CLANG_ANALYZER_NUMBER_OBJECT_CONVERSION = YES_AGGRESSIVE;
				CLANG_CXX_LANGUAGE_STANDARD = "gnu++14";
				CLANG_CXX_LIBRARY = "libc++";
				CLANG_ENABLE_OBJC_ARC = YES;
				CLANG_ENABLE_OBJC_WEAK = YES;
				CLANG_WARN_BLOCK_CAPTURE_AUTORELEASING = YES;
				CLANG_WARN_BOOL_CONVERSION = YES;
				CLANG_WARN_COMMA = YES;
				CLANG_WARN_CONSTANT_CONVERSION = YES;
				CLANG_WARN_DEPRECATED_OBJC_IMPLEMENTATIONS = YES;
				CLANG_WARN_DIRECT_OBJC_ISA_USAGE = YES_ERROR;
				CLANG_WARN_DOCUMENTATION_COMMENTS = YES;
				CLANG_WARN_EMPTY_BODY = YES;
				CLANG_WARN_ENUM_CONVERSION = YES;
				CLANG_WARN_INFINITE_RECURSION = YES;
				CLANG_WARN_INT_CONVERSION = YES;
				CLANG_WARN_NON_LITERAL_NULL_CONVERSION = YES;
				CLANG_WARN_OBJC_IMPLICIT_RETAIN_SELF = YES;
				CLANG_WARN_OBJC_LITERAL_CONVERSION = YES;
				CLANG_WARN_OBJC_ROOT_CLASS = YES_ERROR;
				CLANG_WARN_RANGE_LOOP_ANALYSIS = YES;
				CLANG_WARN_STRICT_PROTOTYPES = YES;
				CLANG_WARN_SUSPICIOUS_MOVE = YES;
				CLANG_WARN_UNGUARDED_AVAILABILITY = YES_AGGRESSIVE;
				CLANG_WARN_UNREACHABLE_CODE = YES;
				CLANG_WARN__DUPLICATE_METHOD_MATCH = YES;
				CODE_SIGN_ENTITLEMENTS = Mac/Mac.entitlements;
				CODE_SIGN_IDENTITY = "Mac Developer";
				CODE_SIGN_STYLE = Automatic;
				COMBINE_HIDPI_IMAGES = YES;
				COPY_PHASE_STRIP = NO;
				DEVELOPMENT_TEAM = 7AMWG3RLHN;
				ENABLE_NS_ASSERTIONS = NO;
				ENABLE_STRICT_OBJC_MSGSEND = YES;
				GCC_C_LANGUAGE_STANDARD = gnu11;
				GCC_NO_COMMON_BLOCKS = YES;
				GCC_WARN_64_TO_32_BIT_CONVERSION = YES;
				GCC_WARN_ABOUT_RETURN_TYPE = YES_ERROR;
				GCC_WARN_UNDECLARED_SELECTOR = YES;
				GCC_WARN_UNINITIALIZED_AUTOS = YES_AGGRESSIVE;
				GCC_WARN_UNUSED_FUNCTION = YES;
				GCC_WARN_UNUSED_VARIABLE = YES;
				INFOPLIST_FILE = Mac/Mac.plist;
				LD_RUNPATH_SEARCH_PATHS = (
					"$(inherited)",
					"@executable_path/../Frameworks",
				);
				MTL_ENABLE_DEBUG_INFO = NO;
				MTL_FAST_MATH = YES;
				PRODUCT_BUNDLE_IDENTIFIER = pigit.Mac;
				PRODUCT_NAME = PigitMac;
				SDKROOT = macosx;
				SWIFT_COMPILATION_MODE = wholemodule;
			};
			name = Release;
		};
		20409F042251DFC80055C5DE /* Debug */ = {
			isa = XCBuildConfiguration;
			buildSettings = {
				ALWAYS_SEARCH_USER_PATHS = NO;
				CLANG_ANALYZER_NONNULL = YES;
				CLANG_ANALYZER_NUMBER_OBJECT_CONVERSION = YES_AGGRESSIVE;
				CLANG_CXX_LANGUAGE_STANDARD = "gnu++14";
				CLANG_CXX_LIBRARY = "libc++";
				CLANG_ENABLE_OBJC_ARC = YES;
				CLANG_ENABLE_OBJC_WEAK = YES;
				CLANG_WARN_BLOCK_CAPTURE_AUTORELEASING = YES;
				CLANG_WARN_BOOL_CONVERSION = YES;
				CLANG_WARN_COMMA = YES;
				CLANG_WARN_CONSTANT_CONVERSION = YES;
				CLANG_WARN_DEPRECATED_OBJC_IMPLEMENTATIONS = YES;
				CLANG_WARN_DIRECT_OBJC_ISA_USAGE = YES_ERROR;
				CLANG_WARN_DOCUMENTATION_COMMENTS = YES;
				CLANG_WARN_EMPTY_BODY = YES;
				CLANG_WARN_ENUM_CONVERSION = YES;
				CLANG_WARN_INFINITE_RECURSION = YES;
				CLANG_WARN_INT_CONVERSION = YES;
				CLANG_WARN_NON_LITERAL_NULL_CONVERSION = YES;
				CLANG_WARN_OBJC_IMPLICIT_RETAIN_SELF = YES;
				CLANG_WARN_OBJC_LITERAL_CONVERSION = YES;
				CLANG_WARN_OBJC_ROOT_CLASS = YES_ERROR;
				CLANG_WARN_RANGE_LOOP_ANALYSIS = YES;
				CLANG_WARN_STRICT_PROTOTYPES = YES;
				CLANG_WARN_SUSPICIOUS_MOVE = YES;
				CLANG_WARN_UNGUARDED_AVAILABILITY = YES_AGGRESSIVE;
				CLANG_WARN_UNREACHABLE_CODE = YES;
				CLANG_WARN__DUPLICATE_METHOD_MATCH = YES;
				CODE_SIGN_IDENTITY = "iPhone Developer";
				CODE_SIGN_STYLE = Automatic;
				COPY_PHASE_STRIP = NO;
				DEVELOPMENT_TEAM = 7AMWG3RLHN;
				ENABLE_STRICT_OBJC_MSGSEND = YES;
				ENABLE_TESTABILITY = YES;
				GCC_C_LANGUAGE_STANDARD = gnu11;
				GCC_DYNAMIC_NO_PIC = NO;
				GCC_NO_COMMON_BLOCKS = YES;
				GCC_PREPROCESSOR_DEFINITIONS = (
					"DEBUG=1",
					"$(inherited)",
				);
				GCC_WARN_64_TO_32_BIT_CONVERSION = YES;
				GCC_WARN_ABOUT_RETURN_TYPE = YES_ERROR;
				GCC_WARN_UNDECLARED_SELECTOR = YES;
				GCC_WARN_UNINITIALIZED_AUTOS = YES_AGGRESSIVE;
				GCC_WARN_UNUSED_FUNCTION = YES;
				GCC_WARN_UNUSED_VARIABLE = YES;
				INFOPLIST_FILE = iOS/iOS.plist;
				LD_RUNPATH_SEARCH_PATHS = (
					"$(inherited)",
					"@executable_path/Frameworks",
				);
				MTL_ENABLE_DEBUG_INFO = INCLUDE_SOURCE;
				MTL_FAST_MATH = YES;
				ONLY_ACTIVE_ARCH = YES;
				PRODUCT_BUNDLE_IDENTIFIER = pigit.iOS;
				PRODUCT_NAME = PigitiOS;
				SDKROOT = iphoneos;
				SWIFT_ACTIVE_COMPILATION_CONDITIONS = DEBUG;
				TARGETED_DEVICE_FAMILY = "1,2";
			};
			name = Debug;
		};
		20409F052251DFC80055C5DE /* Release */ = {
			isa = XCBuildConfiguration;
			buildSettings = {
				ALWAYS_SEARCH_USER_PATHS = NO;
				CLANG_ANALYZER_NONNULL = YES;
				CLANG_ANALYZER_NUMBER_OBJECT_CONVERSION = YES_AGGRESSIVE;
				CLANG_CXX_LANGUAGE_STANDARD = "gnu++14";
				CLANG_CXX_LIBRARY = "libc++";
				CLANG_ENABLE_OBJC_ARC = YES;
				CLANG_ENABLE_OBJC_WEAK = YES;
				CLANG_WARN_BLOCK_CAPTURE_AUTORELEASING = YES;
				CLANG_WARN_BOOL_CONVERSION = YES;
				CLANG_WARN_COMMA = YES;
				CLANG_WARN_CONSTANT_CONVERSION = YES;
				CLANG_WARN_DEPRECATED_OBJC_IMPLEMENTATIONS = YES;
				CLANG_WARN_DIRECT_OBJC_ISA_USAGE = YES_ERROR;
				CLANG_WARN_DOCUMENTATION_COMMENTS = YES;
				CLANG_WARN_EMPTY_BODY = YES;
				CLANG_WARN_ENUM_CONVERSION = YES;
				CLANG_WARN_INFINITE_RECURSION = YES;
				CLANG_WARN_INT_CONVERSION = YES;
				CLANG_WARN_NON_LITERAL_NULL_CONVERSION = YES;
				CLANG_WARN_OBJC_IMPLICIT_RETAIN_SELF = YES;
				CLANG_WARN_OBJC_LITERAL_CONVERSION = YES;
				CLANG_WARN_OBJC_ROOT_CLASS = YES_ERROR;
				CLANG_WARN_RANGE_LOOP_ANALYSIS = YES;
				CLANG_WARN_STRICT_PROTOTYPES = YES;
				CLANG_WARN_SUSPICIOUS_MOVE = YES;
				CLANG_WARN_UNGUARDED_AVAILABILITY = YES_AGGRESSIVE;
				CLANG_WARN_UNREACHABLE_CODE = YES;
				CLANG_WARN__DUPLICATE_METHOD_MATCH = YES;
				CODE_SIGN_IDENTITY = "iPhone Developer";
				CODE_SIGN_STYLE = Automatic;
				COPY_PHASE_STRIP = NO;
				DEVELOPMENT_TEAM = 7AMWG3RLHN;
				ENABLE_NS_ASSERTIONS = NO;
				ENABLE_STRICT_OBJC_MSGSEND = YES;
				GCC_C_LANGUAGE_STANDARD = gnu11;
				GCC_NO_COMMON_BLOCKS = YES;
				GCC_WARN_64_TO_32_BIT_CONVERSION = YES;
				GCC_WARN_ABOUT_RETURN_TYPE = YES_ERROR;
				GCC_WARN_UNDECLARED_SELECTOR = YES;
				GCC_WARN_UNINITIALIZED_AUTOS = YES_AGGRESSIVE;
				GCC_WARN_UNUSED_FUNCTION = YES;
				GCC_WARN_UNUSED_VARIABLE = YES;
				INFOPLIST_FILE = iOS/iOS.plist;
				LD_RUNPATH_SEARCH_PATHS = (
					"$(inherited)",
					"@executable_path/Frameworks",
				);
				MTL_ENABLE_DEBUG_INFO = NO;
				MTL_FAST_MATH = YES;
				PRODUCT_BUNDLE_IDENTIFIER = pigit.iOS;
				PRODUCT_NAME = PigitiOS;
				SDKROOT = iphoneos;
				SWIFT_COMPILATION_MODE = wholemodule;
				TARGETED_DEVICE_FAMILY = "1,2";
				VALIDATE_PRODUCT = YES;
			};
			name = Release;
		};
		20409F112251E0220055C5DE /* Debug */ = {
			isa = XCBuildConfiguration;
			buildSettings = {
				ALWAYS_SEARCH_USER_PATHS = NO;
				CLANG_ANALYZER_NONNULL = YES;
				CLANG_ANALYZER_NUMBER_OBJECT_CONVERSION = YES_AGGRESSIVE;
				CLANG_CXX_LANGUAGE_STANDARD = "gnu++14";
				CLANG_CXX_LIBRARY = "libc++";
				CLANG_ENABLE_OBJC_ARC = YES;
				CLANG_ENABLE_OBJC_WEAK = YES;
				CLANG_WARN_BLOCK_CAPTURE_AUTORELEASING = YES;
				CLANG_WARN_BOOL_CONVERSION = YES;
				CLANG_WARN_COMMA = YES;
				CLANG_WARN_CONSTANT_CONVERSION = YES;
				CLANG_WARN_DEPRECATED_OBJC_IMPLEMENTATIONS = YES;
				CLANG_WARN_DIRECT_OBJC_ISA_USAGE = YES_ERROR;
				CLANG_WARN_DOCUMENTATION_COMMENTS = YES;
				CLANG_WARN_EMPTY_BODY = YES;
				CLANG_WARN_ENUM_CONVERSION = YES;
				CLANG_WARN_INFINITE_RECURSION = YES;
				CLANG_WARN_INT_CONVERSION = YES;
				CLANG_WARN_NON_LITERAL_NULL_CONVERSION = YES;
				CLANG_WARN_OBJC_IMPLICIT_RETAIN_SELF = YES;
				CLANG_WARN_OBJC_LITERAL_CONVERSION = YES;
				CLANG_WARN_OBJC_ROOT_CLASS = YES_ERROR;
				CLANG_WARN_RANGE_LOOP_ANALYSIS = YES;
				CLANG_WARN_STRICT_PROTOTYPES = YES;
				CLANG_WARN_SUSPICIOUS_MOVE = YES;
				CLANG_WARN_UNGUARDED_AVAILABILITY = YES_AGGRESSIVE;
				CLANG_WARN_UNREACHABLE_CODE = YES;
				CLANG_WARN__DUPLICATE_METHOD_MATCH = YES;
				CODE_SIGN_IDENTITY = "Mac Developer";
				CODE_SIGN_STYLE = Automatic;
				COPY_PHASE_STRIP = NO;
				DEVELOPMENT_TEAM = 7AMWG3RLHN;
				ENABLE_STRICT_OBJC_MSGSEND = YES;
				ENABLE_TESTABILITY = YES;
				EXECUTABLE_PREFIX = lib;
				GCC_C_LANGUAGE_STANDARD = gnu11;
				GCC_DYNAMIC_NO_PIC = NO;
				GCC_NO_COMMON_BLOCKS = YES;
				GCC_PREPROCESSOR_DEFINITIONS = (
					"DEBUG=1",
					"$(inherited)",
				);
				GCC_WARN_64_TO_32_BIT_CONVERSION = YES;
				GCC_WARN_ABOUT_RETURN_TYPE = YES_ERROR;
				GCC_WARN_UNDECLARED_SELECTOR = YES;
				GCC_WARN_UNINITIALIZED_AUTOS = YES_AGGRESSIVE;
				GCC_WARN_UNUSED_FUNCTION = YES;
				GCC_WARN_UNUSED_VARIABLE = YES;
				MTL_ENABLE_DEBUG_INFO = INCLUDE_SOURCE;
				MTL_FAST_MATH = YES;
				ONLY_ACTIVE_ARCH = YES;
				SDKROOT = macosx;
				SKIP_INSTALL = YES;
			};
			name = Debug;
		};
		20409F122251E0220055C5DE /* Release */ = {
			isa = XCBuildConfiguration;
			buildSettings = {
				ALWAYS_SEARCH_USER_PATHS = NO;
				CLANG_ANALYZER_NONNULL = YES;
				CLANG_ANALYZER_NUMBER_OBJECT_CONVERSION = YES_AGGRESSIVE;
				CLANG_CXX_LANGUAGE_STANDARD = "gnu++14";
				CLANG_CXX_LIBRARY = "libc++";
				CLANG_ENABLE_OBJC_ARC = YES;
				CLANG_ENABLE_OBJC_WEAK = YES;
				CLANG_WARN_BLOCK_CAPTURE_AUTORELEASING = YES;
				CLANG_WARN_BOOL_CONVERSION = YES;
				CLANG_WARN_COMMA = YES;
				CLANG_WARN_CONSTANT_CONVERSION = YES;
				CLANG_WARN_DEPRECATED_OBJC_IMPLEMENTATIONS = YES;
				CLANG_WARN_DIRECT_OBJC_ISA_USAGE = YES_ERROR;
				CLANG_WARN_DOCUMENTATION_COMMENTS = YES;
				CLANG_WARN_EMPTY_BODY = YES;
				CLANG_WARN_ENUM_CONVERSION = YES;
				CLANG_WARN_INFINITE_RECURSION = YES;
				CLANG_WARN_INT_CONVERSION = YES;
				CLANG_WARN_NON_LITERAL_NULL_CONVERSION = YES;
				CLANG_WARN_OBJC_IMPLICIT_RETAIN_SELF = YES;
				CLANG_WARN_OBJC_LITERAL_CONVERSION = YES;
				CLANG_WARN_OBJC_ROOT_CLASS = YES_ERROR;
				CLANG_WARN_RANGE_LOOP_ANALYSIS = YES;
				CLANG_WARN_STRICT_PROTOTYPES = YES;
				CLANG_WARN_SUSPICIOUS_MOVE = YES;
				CLANG_WARN_UNGUARDED_AVAILABILITY = YES_AGGRESSIVE;
				CLANG_WARN_UNREACHABLE_CODE = YES;
				CLANG_WARN__DUPLICATE_METHOD_MATCH = YES;
				CODE_SIGN_IDENTITY = "Mac Developer";
				CODE_SIGN_STYLE = Automatic;
				COPY_PHASE_STRIP = NO;
				DEVELOPMENT_TEAM = 7AMWG3RLHN;
				ENABLE_NS_ASSERTIONS = NO;
				ENABLE_STRICT_OBJC_MSGSEND = YES;
				EXECUTABLE_PREFIX = lib;
				GCC_C_LANGUAGE_STANDARD = gnu11;
				GCC_NO_COMMON_BLOCKS = YES;
				GCC_WARN_64_TO_32_BIT_CONVERSION = YES;
				GCC_WARN_ABOUT_RETURN_TYPE = YES_ERROR;
				GCC_WARN_UNDECLARED_SELECTOR = YES;
				GCC_WARN_UNINITIALIZED_AUTOS = YES_AGGRESSIVE;
				GCC_WARN_UNUSED_FUNCTION = YES;
				GCC_WARN_UNUSED_VARIABLE = YES;
				MTL_ENABLE_DEBUG_INFO = NO;
				MTL_FAST_MATH = YES;
				SDKROOT = macosx;
				SKIP_INSTALL = YES;
			};
			name = Release;
		};
		20409F1C2251E0380055C5DE /* Debug */ = {
			isa = XCBuildConfiguration;
			buildSettings = {
				ALWAYS_SEARCH_USER_PATHS = NO;
				CLANG_ANALYZER_NONNULL = YES;
				CLANG_ANALYZER_NUMBER_OBJECT_CONVERSION = YES_AGGRESSIVE;
				CLANG_CXX_LANGUAGE_STANDARD = "gnu++14";
				CLANG_CXX_LIBRARY = "libc++";
				CLANG_ENABLE_OBJC_ARC = YES;
				CLANG_ENABLE_OBJC_WEAK = YES;
				CLANG_WARN_BLOCK_CAPTURE_AUTORELEASING = YES;
				CLANG_WARN_BOOL_CONVERSION = YES;
				CLANG_WARN_COMMA = YES;
				CLANG_WARN_CONSTANT_CONVERSION = YES;
				CLANG_WARN_DEPRECATED_OBJC_IMPLEMENTATIONS = YES;
				CLANG_WARN_DIRECT_OBJC_ISA_USAGE = YES_ERROR;
				CLANG_WARN_DOCUMENTATION_COMMENTS = YES;
				CLANG_WARN_EMPTY_BODY = YES;
				CLANG_WARN_ENUM_CONVERSION = YES;
				CLANG_WARN_INFINITE_RECURSION = YES;
				CLANG_WARN_INT_CONVERSION = YES;
				CLANG_WARN_NON_LITERAL_NULL_CONVERSION = YES;
				CLANG_WARN_OBJC_IMPLICIT_RETAIN_SELF = YES;
				CLANG_WARN_OBJC_LITERAL_CONVERSION = YES;
				CLANG_WARN_OBJC_ROOT_CLASS = YES_ERROR;
				CLANG_WARN_RANGE_LOOP_ANALYSIS = YES;
				CLANG_WARN_STRICT_PROTOTYPES = YES;
				CLANG_WARN_SUSPICIOUS_MOVE = YES;
				CLANG_WARN_UNGUARDED_AVAILABILITY = YES_AGGRESSIVE;
				CLANG_WARN_UNREACHABLE_CODE = YES;
				CLANG_WARN__DUPLICATE_METHOD_MATCH = YES;
				CODE_SIGN_IDENTITY = "iPhone Developer";
				CODE_SIGN_STYLE = Automatic;
				COPY_PHASE_STRIP = NO;
				DEVELOPMENT_TEAM = 7AMWG3RLHN;
				ENABLE_STRICT_OBJC_MSGSEND = YES;
				ENABLE_TESTABILITY = YES;
				GCC_C_LANGUAGE_STANDARD = gnu11;
				GCC_DYNAMIC_NO_PIC = NO;
				GCC_NO_COMMON_BLOCKS = YES;
				GCC_PREPROCESSOR_DEFINITIONS = (
					"DEBUG=1",
					"$(inherited)",
				);
				GCC_WARN_64_TO_32_BIT_CONVERSION = YES;
				GCC_WARN_ABOUT_RETURN_TYPE = YES_ERROR;
				GCC_WARN_UNDECLARED_SELECTOR = YES;
				GCC_WARN_UNINITIALIZED_AUTOS = YES_AGGRESSIVE;
				GCC_WARN_UNUSED_FUNCTION = YES;
				GCC_WARN_UNUSED_VARIABLE = YES;
				MTL_ENABLE_DEBUG_INFO = INCLUDE_SOURCE;
				MTL_FAST_MATH = YES;
				ONLY_ACTIVE_ARCH = YES;
				OTHER_LDFLAGS = "-ObjC";
				SDKROOT = iphoneos;
				SKIP_INSTALL = YES;
				SWIFT_ACTIVE_COMPILATION_CONDITIONS = DEBUG;
				TARGETED_DEVICE_FAMILY = "1,2";
			};
			name = Debug;
		};
		20409F1D2251E0380055C5DE /* Release */ = {
			isa = XCBuildConfiguration;
			buildSettings = {
				ALWAYS_SEARCH_USER_PATHS = NO;
				CLANG_ANALYZER_NONNULL = YES;
				CLANG_ANALYZER_NUMBER_OBJECT_CONVERSION = YES_AGGRESSIVE;
				CLANG_CXX_LANGUAGE_STANDARD = "gnu++14";
				CLANG_CXX_LIBRARY = "libc++";
				CLANG_ENABLE_OBJC_ARC = YES;
				CLANG_ENABLE_OBJC_WEAK = YES;
				CLANG_WARN_BLOCK_CAPTURE_AUTORELEASING = YES;
				CLANG_WARN_BOOL_CONVERSION = YES;
				CLANG_WARN_COMMA = YES;
				CLANG_WARN_CONSTANT_CONVERSION = YES;
				CLANG_WARN_DEPRECATED_OBJC_IMPLEMENTATIONS = YES;
				CLANG_WARN_DIRECT_OBJC_ISA_USAGE = YES_ERROR;
				CLANG_WARN_DOCUMENTATION_COMMENTS = YES;
				CLANG_WARN_EMPTY_BODY = YES;
				CLANG_WARN_ENUM_CONVERSION = YES;
				CLANG_WARN_INFINITE_RECURSION = YES;
				CLANG_WARN_INT_CONVERSION = YES;
				CLANG_WARN_NON_LITERAL_NULL_CONVERSION = YES;
				CLANG_WARN_OBJC_IMPLICIT_RETAIN_SELF = YES;
				CLANG_WARN_OBJC_LITERAL_CONVERSION = YES;
				CLANG_WARN_OBJC_ROOT_CLASS = YES_ERROR;
				CLANG_WARN_RANGE_LOOP_ANALYSIS = YES;
				CLANG_WARN_STRICT_PROTOTYPES = YES;
				CLANG_WARN_SUSPICIOUS_MOVE = YES;
				CLANG_WARN_UNGUARDED_AVAILABILITY = YES_AGGRESSIVE;
				CLANG_WARN_UNREACHABLE_CODE = YES;
				CLANG_WARN__DUPLICATE_METHOD_MATCH = YES;
				CODE_SIGN_IDENTITY = "iPhone Developer";
				CODE_SIGN_STYLE = Automatic;
				COPY_PHASE_STRIP = NO;
				DEVELOPMENT_TEAM = 7AMWG3RLHN;
				ENABLE_NS_ASSERTIONS = NO;
				ENABLE_STRICT_OBJC_MSGSEND = YES;
				GCC_C_LANGUAGE_STANDARD = gnu11;
				GCC_NO_COMMON_BLOCKS = YES;
				GCC_WARN_64_TO_32_BIT_CONVERSION = YES;
				GCC_WARN_ABOUT_RETURN_TYPE = YES_ERROR;
				GCC_WARN_UNDECLARED_SELECTOR = YES;
				GCC_WARN_UNINITIALIZED_AUTOS = YES_AGGRESSIVE;
				GCC_WARN_UNUSED_FUNCTION = YES;
				GCC_WARN_UNUSED_VARIABLE = YES;
				MTL_ENABLE_DEBUG_INFO = NO;
				MTL_FAST_MATH = YES;
				OTHER_LDFLAGS = "-ObjC";
				SDKROOT = iphoneos;
				SKIP_INSTALL = YES;
				SWIFT_COMPILATION_MODE = wholemodule;
				TARGETED_DEVICE_FAMILY = "1,2";
				VALIDATE_PRODUCT = YES;
			};
			name = Release;
		};
		20409F2B2251E0540055C5DE /* Debug */ = {
			isa = XCBuildConfiguration;
			buildSettings = {
				ALWAYS_EMBED_SWIFT_STANDARD_LIBRARIES = YES;
				ALWAYS_SEARCH_USER_PATHS = NO;
				CLANG_ANALYZER_NONNULL = YES;
				CLANG_ANALYZER_NUMBER_OBJECT_CONVERSION = YES_AGGRESSIVE;
				CLANG_CXX_LANGUAGE_STANDARD = "gnu++14";
				CLANG_CXX_LIBRARY = "libc++";
				CLANG_ENABLE_OBJC_ARC = YES;
				CLANG_ENABLE_OBJC_WEAK = YES;
				CLANG_WARN_BLOCK_CAPTURE_AUTORELEASING = YES;
				CLANG_WARN_BOOL_CONVERSION = YES;
				CLANG_WARN_COMMA = YES;
				CLANG_WARN_CONSTANT_CONVERSION = YES;
				CLANG_WARN_DEPRECATED_OBJC_IMPLEMENTATIONS = YES;
				CLANG_WARN_DIRECT_OBJC_ISA_USAGE = YES_ERROR;
				CLANG_WARN_DOCUMENTATION_COMMENTS = YES;
				CLANG_WARN_EMPTY_BODY = YES;
				CLANG_WARN_ENUM_CONVERSION = YES;
				CLANG_WARN_INFINITE_RECURSION = YES;
				CLANG_WARN_INT_CONVERSION = YES;
				CLANG_WARN_NON_LITERAL_NULL_CONVERSION = YES;
				CLANG_WARN_OBJC_IMPLICIT_RETAIN_SELF = YES;
				CLANG_WARN_OBJC_LITERAL_CONVERSION = YES;
				CLANG_WARN_OBJC_ROOT_CLASS = YES_ERROR;
				CLANG_WARN_RANGE_LOOP_ANALYSIS = YES;
				CLANG_WARN_STRICT_PROTOTYPES = YES;
				CLANG_WARN_SUSPICIOUS_MOVE = YES;
				CLANG_WARN_UNGUARDED_AVAILABILITY = YES_AGGRESSIVE;
				CLANG_WARN_UNREACHABLE_CODE = YES;
				CLANG_WARN__DUPLICATE_METHOD_MATCH = YES;
				CODE_SIGN_IDENTITY = "Mac Developer";
				CODE_SIGN_STYLE = Automatic;
				COMBINE_HIDPI_IMAGES = YES;
				COPY_PHASE_STRIP = NO;
				DEVELOPMENT_TEAM = 7AMWG3RLHN;
				ENABLE_STRICT_OBJC_MSGSEND = YES;
				ENABLE_TESTABILITY = YES;
				GCC_C_LANGUAGE_STANDARD = gnu11;
				GCC_DYNAMIC_NO_PIC = NO;
				GCC_NO_COMMON_BLOCKS = YES;
				GCC_PREPROCESSOR_DEFINITIONS = (
					"DEBUG=1",
					"$(inherited)",
				);
				GCC_WARN_64_TO_32_BIT_CONVERSION = YES;
				GCC_WARN_ABOUT_RETURN_TYPE = YES_ERROR;
				GCC_WARN_UNDECLARED_SELECTOR = YES;
				GCC_WARN_UNINITIALIZED_AUTOS = YES_AGGRESSIVE;
				GCC_WARN_UNUSED_FUNCTION = YES;
				GCC_WARN_UNUSED_VARIABLE = YES;
				INFOPLIST_FILE = Tests/Tests.plist;
				LD_RUNPATH_SEARCH_PATHS = (
					"$(inherited)",
					"@executable_path/../Frameworks",
					"@loader_path/../Frameworks",
				);
				MTL_ENABLE_DEBUG_INFO = INCLUDE_SOURCE;
				MTL_FAST_MATH = YES;
				ONLY_ACTIVE_ARCH = YES;
				PRODUCT_BUNDLE_IDENTIFIER = pigit.Tests;
				PRODUCT_NAME = "$(TARGET_NAME)";
				SDKROOT = macosx;
				SWIFT_ACTIVE_COMPILATION_CONDITIONS = DEBUG;
			};
			name = Debug;
		};
		20409F2C2251E0540055C5DE /* Release */ = {
			isa = XCBuildConfiguration;
			buildSettings = {
				ALWAYS_EMBED_SWIFT_STANDARD_LIBRARIES = YES;
				ALWAYS_SEARCH_USER_PATHS = NO;
				CLANG_ANALYZER_NONNULL = YES;
				CLANG_ANALYZER_NUMBER_OBJECT_CONVERSION = YES_AGGRESSIVE;
				CLANG_CXX_LANGUAGE_STANDARD = "gnu++14";
				CLANG_CXX_LIBRARY = "libc++";
				CLANG_ENABLE_OBJC_ARC = YES;
				CLANG_ENABLE_OBJC_WEAK = YES;
				CLANG_WARN_BLOCK_CAPTURE_AUTORELEASING = YES;
				CLANG_WARN_BOOL_CONVERSION = YES;
				CLANG_WARN_COMMA = YES;
				CLANG_WARN_CONSTANT_CONVERSION = YES;
				CLANG_WARN_DEPRECATED_OBJC_IMPLEMENTATIONS = YES;
				CLANG_WARN_DIRECT_OBJC_ISA_USAGE = YES_ERROR;
				CLANG_WARN_DOCUMENTATION_COMMENTS = YES;
				CLANG_WARN_EMPTY_BODY = YES;
				CLANG_WARN_ENUM_CONVERSION = YES;
				CLANG_WARN_INFINITE_RECURSION = YES;
				CLANG_WARN_INT_CONVERSION = YES;
				CLANG_WARN_NON_LITERAL_NULL_CONVERSION = YES;
				CLANG_WARN_OBJC_IMPLICIT_RETAIN_SELF = YES;
				CLANG_WARN_OBJC_LITERAL_CONVERSION = YES;
				CLANG_WARN_OBJC_ROOT_CLASS = YES_ERROR;
				CLANG_WARN_RANGE_LOOP_ANALYSIS = YES;
				CLANG_WARN_STRICT_PROTOTYPES = YES;
				CLANG_WARN_SUSPICIOUS_MOVE = YES;
				CLANG_WARN_UNGUARDED_AVAILABILITY = YES_AGGRESSIVE;
				CLANG_WARN_UNREACHABLE_CODE = YES;
				CLANG_WARN__DUPLICATE_METHOD_MATCH = YES;
				CODE_SIGN_IDENTITY = "Mac Developer";
				CODE_SIGN_STYLE = Automatic;
				COMBINE_HIDPI_IMAGES = YES;
				COPY_PHASE_STRIP = NO;
				DEVELOPMENT_TEAM = 7AMWG3RLHN;
				ENABLE_NS_ASSERTIONS = NO;
				ENABLE_STRICT_OBJC_MSGSEND = YES;
				GCC_C_LANGUAGE_STANDARD = gnu11;
				GCC_NO_COMMON_BLOCKS = YES;
				GCC_WARN_64_TO_32_BIT_CONVERSION = YES;
				GCC_WARN_ABOUT_RETURN_TYPE = YES_ERROR;
				GCC_WARN_UNDECLARED_SELECTOR = YES;
				GCC_WARN_UNINITIALIZED_AUTOS = YES_AGGRESSIVE;
				GCC_WARN_UNUSED_FUNCTION = YES;
				GCC_WARN_UNUSED_VARIABLE = YES;
				INFOPLIST_FILE = Tests/Tests.plist;
				LD_RUNPATH_SEARCH_PATHS = (
					"$(inherited)",
					"@executable_path/../Frameworks",
					"@loader_path/../Frameworks",
				);
				MTL_ENABLE_DEBUG_INFO = NO;
				MTL_FAST_MATH = YES;
				PRODUCT_BUNDLE_IDENTIFIER = pigit.Tests;
				PRODUCT_NAME = "$(TARGET_NAME)";
				SDKROOT = macosx;
				SWIFT_COMPILATION_MODE = wholemodule;
			};
			name = Release;
		};
/* End XCBuildConfiguration section */

/* Begin XCConfigurationList section */
		20409ED82251DF4D0055C5DE /* Build configuration list for PBXProject "Pigit" */ = {
			isa = XCConfigurationList;
			buildConfigurations = (
				20409ED92251DF4D0055C5DE /* Debug */,
				20409EDA2251DF4D0055C5DE /* Release */,
			);
			defaultConfigurationIsVisible = 0;
			defaultConfigurationName = Release;
		};
		20409EED2251DFA80055C5DE /* Build configuration list for PBXNativeTarget "Mac" */ = {
			isa = XCConfigurationList;
			buildConfigurations = (
				20409EEE2251DFA80055C5DE /* Debug */,
				20409EEF2251DFA80055C5DE /* Release */,
			);
			defaultConfigurationIsVisible = 0;
			defaultConfigurationName = Release;
		};
		20409F032251DFC80055C5DE /* Build configuration list for PBXNativeTarget "iOS" */ = {
			isa = XCConfigurationList;
			buildConfigurations = (
				20409F042251DFC80055C5DE /* Debug */,
				20409F052251DFC80055C5DE /* Release */,
			);
			defaultConfigurationIsVisible = 0;
			defaultConfigurationName = Release;
		};
		20409F102251E0220055C5DE /* Build configuration list for PBXNativeTarget "PigitMac" */ = {
			isa = XCConfigurationList;
			buildConfigurations = (
				20409F112251E0220055C5DE /* Debug */,
				20409F122251E0220055C5DE /* Release */,
			);
			defaultConfigurationIsVisible = 0;
			defaultConfigurationName = Release;
		};
		20409F1B2251E0380055C5DE /* Build configuration list for PBXNativeTarget "PigitiOS" */ = {
			isa = XCConfigurationList;
			buildConfigurations = (
				20409F1C2251E0380055C5DE /* Debug */,
				20409F1D2251E0380055C5DE /* Release */,
			);
			defaultConfigurationIsVisible = 0;
			defaultConfigurationName = Release;
		};
		20409F2A2251E0540055C5DE /* Build configuration list for PBXNativeTarget "Tests" */ = {
			isa = XCConfigurationList;
			buildConfigurations = (
				20409F2B2251E0540055C5DE /* Debug */,
				20409F2C2251E0540055C5DE /* Release */,
			);
			defaultConfigurationIsVisible = 0;
			defaultConfigurationName = Release;
		};
/* End XCConfigurationList section */
	};
	rootObject = 20409ED52251DF4D0055C5DE /* Project object */;
}
